<?xml version="1.0" encoding="utf-8"?>
<Project ToolsVersion="4.0" xmlns="http://schemas.microsoft.com/developer/msbuild/2003">
  <ItemGroup>
    <ClCompile Include="Sources\DescriptorAllocator.cpp">
      <Filter>Sources\Source Files</Filter>
    </ClCompile>
    <ClCompile Include="Sources\Framework.cpp">
      <Filter>Sources\Source Files</Filter>
    </ClCompile>
    <ClCompile Include="Sources\Main.cpp">
      <Filter>Sources\Source Files</Filter>
    </ClCompile>
    <ClCompile Include="Sources\Precompiled.cpp">
      <Filter>Sources\Source Files</Filter>
    </ClCompile>
    <ClCompile Include="Sources\RenderContext.cpp">
      <Filter>Sources\Source Files</Filter>
    </ClCompile>
    <ClCompile Include="Sources\RenderDevice.cpp">
      <Filter>Sources\Source Files</Filter>
    </ClCompile>
    <ClCompile Include="Sources\RenderService.cpp">
      <Filter>Sources\Source Files</Filter>
    </ClCompile>
    <ClCompile Include="Sources\Window.cpp">
      <Filter>Sources\Source Files</Filter>
    </ClCompile>
    <ClCompile Include="Sources\WindowService.cpp">
      <Filter>Sources\Source Files</Filter>
    </ClCompile>
    <ClCompile Include="Sources\Service.cpp">
      <Filter>Sources\Source Files</Filter>
    </ClCompile>
    <ClCompile Include="Sources\SwapChain.cpp">
      <Filter>Sources\Source Files</Filter>
    </ClCompile>
    <ClCompile Include="Sources\UploadBuffer.cpp">
      <Filter>Sources\Source Files</Filter>
    </ClCompile>
    <ClCompile Include="Sources\ColorRGBA.cpp">
      <Filter>Sources\Source Files</Filter>
    </ClCompile>
    <ClCompile Include="Sources\Vector4D.cpp">
      <Filter>Sources\Source Files</Filter>
    </ClCompile>
    <ClCompile Include="Sources\Vector3D.cpp">
      <Filter>Sources\Source Files</Filter>
    </ClCompile>
    <ClCompile Include="Sources\Matrix4x4.cpp">
      <Filter>Sources\Source Files</Filter>
    </ClCompile>
    <ClCompile Include="Sources\Quaternion.cpp">
      <Filter>Sources\Source Files</Filter>
    </ClCompile>
    <ClCompile Include="Sources\Vector2D.cpp">
      <Filter>Sources\Source Files</Filter>
    </ClCompile>
    <ClCompile Include="Sources\ColorRGB.cpp">
      <Filter>Sources\Source Files</Filter>
    </ClCompile>
    <ClCompile Include="Sources\Component.cpp">
      <Filter>Sources\Source Files</Filter>
    </ClCompile>
    <ClCompile Include="Sources\GameObject.cpp">
      <Filter>Sources\Source Files</Filter>
    </ClCompile>
    <ClCompile Include="Sources\Transform.cpp">
      <Filter>Sources\Source Files</Filter>
    </ClCompile>
    <ClCompile Include="Sources\Scene.cpp">
      <Filter>Sources\Source Files</Filter>
    </ClCompile>
    <ClCompile Include="Sources\Camera.cpp">
      <Filter>Sources\Source Files</Filter>
    </ClCompile>
  </ItemGroup>
  <ItemGroup>
    <ClInclude Include="Sources\Framework.h">
      <Filter>Sources\Header FIles</Filter>
    </ClInclude>
    <ClInclude Include="Sources\Precompiled.h">
      <Filter>Sources\Header FIles</Filter>
    </ClInclude>
    <ClInclude Include="Sources\Singleton.h">
      <Filter>Sources\Header FIles</Filter>
    </ClInclude>
    <ClInclude Include="Sources\Service.h">
      <Filter>Sources\Header FIles</Filter>
    </ClInclude>
    <ClInclude Include="Sources\RenderService.h">
      <Filter>Sources\Header FIles</Filter>
    </ClInclude>
    <ClInclude Include="Sources\RenderContext.h">
      <Filter>Sources\Header FIles</Filter>
    </ClInclude>
    <ClInclude Include="Sources\RenderDevice.h">
      <Filter>Sources\Header FIles</Filter>
    </ClInclude>
    <ClInclude Include="Sources\SwapChain.h">
      <Filter>Sources\Header FIles</Filter>
    </ClInclude>
    <ClInclude Include="Sources\UploadBuffer.h">
      <Filter>Sources\Header FIles</Filter>
    </ClInclude>
    <ClInclude Include="Sources\DescriptorAllocator.h">
      <Filter>Sources\Header FIles</Filter>
    </ClInclude>
    <ClInclude Include="Sources\Window.h">
      <Filter>Sources\Header FIles</Filter>
    </ClInclude>
    <ClInclude Include="Sources\WindowService.h">
      <Filter>Sources\Header FIles</Filter>
    </ClInclude>
    <ClInclude Include="Sources\Scene.h">
      <Filter>Sources\Header FIles</Filter>
    </ClInclude>
    <ClInclude Include="Sources\ColorRGBA.h">
      <Filter>Sources\Header FIles</Filter>
    </ClInclude>
    <ClInclude Include="Sources\Vector3D.h">
      <Filter>Sources\Header FIles</Filter>
    </ClInclude>
    <ClInclude Include="Sources\Vector4D.h">
      <Filter>Sources\Header FIles</Filter>
    </ClInclude>
    <ClInclude Include="Sources\Vector2D.h">
      <Filter>Sources\Header FIles</Filter>
    </ClInclude>
    <ClInclude Include="Sources\Quaternion.h">
      <Filter>Sources\Header FIles</Filter>
    </ClInclude>
    <ClInclude Include="Sources\Matrix4x4.h">
      <Filter>Sources\Header FIles</Filter>
    </ClInclude>
    <ClInclude Include="Sources\MathF.h">
      <Filter>Sources\Header FIles</Filter>
    </ClInclude>
    <ClInclude Include="Sources\ColorRGB.h">
      <Filter>Sources\Header FIles</Filter>
    </ClInclude>
    <ClInclude Include="Sources\GameObject.h">
      <Filter>Sources\Header FIles</Filter>
    </ClInclude>
    <ClInclude Include="Sources\Component.h">
      <Filter>Sources\Header FIles</Filter>
    </ClInclude>
    <ClInclude Include="Sources\Transform.h">
      <Filter>Sources\Header FIles</Filter>
    </ClInclude>
    <ClInclude Include="Sources\Camera.h">
      <Filter>Sources\Header FIles</Filter>
    </ClInclude>
    <ClInclude Include="Sources\Light.h">
      <Filter>Sources\Header FIles</Filter>
    </ClInclude>
  </ItemGroup>
  <ItemGroup>
    <Filter Include="Sources">
      <UniqueIdentifier>{f6a25bf2-0ec4-4fe1-be01-fbc7b0ee5065}</UniqueIdentifier>
    </Filter>
    <Filter Include="Sources\Header FIles">
      <UniqueIdentifier>{f3f4d6cd-63c3-420b-a653-a67dbdfe4aca}</UniqueIdentifier>
    </Filter>
    <Filter Include="Sources\Source Files">
      <UniqueIdentifier>{efe03ff5-082e-4e1a-b910-06bd0dacf81a}</UniqueIdentifier>
    </Filter>
  </ItemGroup>
</Project>
