<?xml version="1.0" encoding="utf-8"?>
<Project ToolsVersion="4.0" xmlns="http://schemas.microsoft.com/developer/msbuild/2003">
  <ItemGroup>
    <Filter Include="Resources">
      <UniqueIdentifier>{dff85101-764e-4380-8cfd-be316448e74c}</UniqueIdentifier>
    </Filter>
    <Filter Include="Resources\Shaders">
      <UniqueIdentifier>{2c53b42f-74ec-42cb-b5c1-769b6af15c56}</UniqueIdentifier>
    </Filter>
    <Filter Include="Sources">
      <UniqueIdentifier>{de1d95d0-e30f-42ce-9cf4-d04ac4f0249b}</UniqueIdentifier>
    </Filter>
    <Filter Include="Sources\Header Files">
      <UniqueIdentifier>{4059a74c-156c-46cd-8383-9461cefa337e}</UniqueIdentifier>
    </Filter>
    <Filter Include="Sources\Source Files">
      <UniqueIdentifier>{85995595-5c89-402f-b931-1d493645b5da}</UniqueIdentifier>
    </Filter>
  </ItemGroup>
  <ItemGroup>
    <None Include="Resources\Shaders\UIObject.hlsl">
      <Filter>Resources\Shaders</Filter>
    </None>
    <None Include="Resources\Shaders\GameObject.hlsl">
      <Filter>Resources\Shaders</Filter>
    </None>
  </ItemGroup>
  <ItemGroup>
    <ClCompile Include="Sources\Precompiled.cpp">
      <Filter>Sources\Source Files</Filter>
    </ClCompile>
    <ClCompile Include="Sources\Main.cpp">
      <Filter>Sources\Source Files</Filter>
    </ClCompile>
    <ClCompile Include="Sources\RenderSystem.cpp">
      <Filter>Sources\Source Files</Filter>
    </ClCompile>
    <ClCompile Include="Sources\Vector3D.cpp">
      <Filter>Sources\Source Files</Filter>
    </ClCompile>
    <ClCompile Include="Sources\Vector4D.cpp">
      <Filter>Sources\Source Files</Filter>
    </ClCompile>
    <ClCompile Include="Sources\Vector2D.cpp">
      <Filter>Sources\Source Files</Filter>
    </ClCompile>
    <ClCompile Include="Sources\Quaternion.cpp">
      <Filter>Sources\Source Files</Filter>
    </ClCompile>
    <ClCompile Include="Sources\Matrix4x4.cpp">
      <Filter>Sources\Source Files</Filter>
    </ClCompile>
    <ClCompile Include="Sources\ColorRGB.cpp">
      <Filter>Sources\Source Files</Filter>
    </ClCompile>
    <ClCompile Include="Sources\ColorRGBA.cpp">
      <Filter>Sources\Source Files</Filter>
    </ClCompile>
    <ClCompile Include="Sources\Camera.cpp">
      <Filter>Sources\Source Files</Filter>
    </ClCompile>
    <ClCompile Include="Sources\Scene.cpp">
      <Filter>Sources\Source Files</Filter>
    </ClCompile>
    <ClCompile Include="Sources\Component.cpp">
      <Filter>Sources\Source Files</Filter>
    </ClCompile>
    <ClCompile Include="Sources\GameObject.cpp">
      <Filter>Sources\Source Files</Filter>
    </ClCompile>
    <ClCompile Include="Sources\Material.cpp">
      <Filter>Sources\Source Files</Filter>
    </ClCompile>
    <ClCompile Include="Sources\Light.cpp">
      <Filter>Sources\Source Files</Filter>
    </ClCompile>
    <ClCompile Include="Sources\TimeSystem.cpp">
      <Filter>Sources\Source Files</Filter>
    </ClCompile>
    <ClCompile Include="Sources\Transform.cpp">
      <Filter>Sources\Source Files</Filter>
    </ClCompile>
    <ClCompile Include="Sources\Resource.cpp">
      <Filter>Sources\Source Files</Filter>
    </ClCompile>
    <ClCompile Include="Sources\ResourceSystem.cpp">
      <Filter>Sources\Source Files</Filter>
    </ClCompile>
    <ClCompile Include="Sources\Mesh.cpp">
      <Filter>Sources\Source Files</Filter>
    </ClCompile>
    <ClCompile Include="Sources\MeshRenderer.cpp">
      <Filter>Sources\Source Files</Filter>
    </ClCompile>
    <ClCompile Include="Sources\SceneSystem.cpp">
      <Filter>Sources\Source Files</Filter>
    </ClCompile>
    <ClCompile Include="Sources\Shader.cpp">
      <Filter>Sources\Source Files</Filter>
    </ClCompile>
    <ClCompile Include="Sources\Scene_Test.cpp">
      <Filter>Sources\Source Files</Filter>
    </ClCompile>
  </ItemGroup>
  <ItemGroup>
    <ClInclude Include="Sources\Precompiled.h">
      <Filter>Sources\Header Files</Filter>
    </ClInclude>
    <ClInclude Include="Sources\Singleton.h">
      <Filter>Sources\Header Files</Filter>
    </ClInclude>
    <ClInclude Include="Sources\Logger.h">
      <Filter>Sources\Header Files</Filter>
    </ClInclude>
    <ClInclude Include="Sources\Camera.h">
      <Filter>Sources\Header Files</Filter>
    </ClInclude>
    <ClInclude Include="Sources\Material.h">
      <Filter>Sources\Header Files</Filter>
    </ClInclude>
    <ClInclude Include="Sources\RenderSystem.h">
      <Filter>Sources\Header Files</Filter>
    </ClInclude>
    <ClInclude Include="Sources\Scene.h">
      <Filter>Sources\Header Files</Filter>
    </ClInclude>
    <ClInclude Include="Sources\GameObject.h">
      <Filter>Sources\Header Files</Filter>
    </ClInclude>
    <ClInclude Include="Sources\SceneSystem.h">
      <Filter>Sources\Header Files</Filter>
    </ClInclude>
    <ClInclude Include="Sources\Vector3D.h">
      <Filter>Sources\Header Files</Filter>
    </ClInclude>
    <ClInclude Include="Sources\Vector4D.h">
      <Filter>Sources\Header Files</Filter>
    </ClInclude>
    <ClInclude Include="Sources\Vector2D.h">
      <Filter>Sources\Header Files</Filter>
    </ClInclude>
    <ClInclude Include="Sources\Quaternion.h">
      <Filter>Sources\Header Files</Filter>
    </ClInclude>
    <ClInclude Include="Sources\MathF.h">
      <Filter>Sources\Header Files</Filter>
    </ClInclude>
    <ClInclude Include="Sources\Matrix4x4.h">
      <Filter>Sources\Header Files</Filter>
    </ClInclude>
    <ClInclude Include="Sources\ColorRGB.h">
      <Filter>Sources\Header Files</Filter>
    </ClInclude>
    <ClInclude Include="Sources\ColorRGBA.h">
      <Filter>Sources\Header Files</Filter>
    </ClInclude>
    <ClInclude Include="Sources\PhysicsSystem.h">
      <Filter>Sources\Header Files</Filter>
    </ClInclude>
    <ClInclude Include="Sources\Light.h">
      <Filter>Sources\Header Files</Filter>
    </ClInclude>
    <ClInclude Include="Sources\TimeSystem.h">
      <Filter>Sources\Header Files</Filter>
    </ClInclude>
    <ClInclude Include="Sources\Component.h">
      <Filter>Sources\Header Files</Filter>
    </ClInclude>
    <ClInclude Include="Sources\Transform.h">
      <Filter>Sources\Header Files</Filter>
    </ClInclude>
    <ClInclude Include="Sources\Resource.h">
      <Filter>Sources\Header Files</Filter>
    </ClInclude>
    <ClInclude Include="Sources\ResourceSystem.h">
      <Filter>Sources\Header Files</Filter>
    </ClInclude>
    <ClInclude Include="Sources\Mesh.h">
      <Filter>Sources\Header Files</Filter>
    </ClInclude>
    <ClInclude Include="Sources\MeshRenderer.h">
      <Filter>Sources\Header Files</Filter>
    </ClInclude>
    <ClInclude Include="Sources\Shader.h">
      <Filter>Sources\Header Files</Filter>
    </ClInclude>
    <ClInclude Include="Sources\Scene_Test.h">
      <Filter>Sources\Header Files</Filter>
    </ClInclude>
  </ItemGroup>
</Project>
