<?xml version="1.0" encoding="utf-8"?>
<Project ToolsVersion="4.0" xmlns="http://schemas.microsoft.com/developer/msbuild/2003">
  <ItemGroup>
    <Filter Include="Sources">
      <UniqueIdentifier>{ba7bbe28-d8cf-460d-b885-2d76fcbde2ce}</UniqueIdentifier>
    </Filter>
    <Filter Include="Sources\Public">
      <UniqueIdentifier>{a78a9981-8418-4485-bd0c-2c212ccfe99c}</UniqueIdentifier>
    </Filter>
    <Filter Include="Sources\Private">
      <UniqueIdentifier>{5664ebdf-82fd-485b-856c-958b35a7ddd2}</UniqueIdentifier>
    </Filter>
    <Filter Include="Sources\Public\Framework">
      <UniqueIdentifier>{cab99d51-64bb-4da6-98e3-915a970dd8f5}</UniqueIdentifier>
    </Filter>
    <Filter Include="Sources\Public\Framework\Core">
      <UniqueIdentifier>{9f4d616d-55a3-47eb-a0d6-abc955b2742a}</UniqueIdentifier>
    </Filter>
    <Filter Include="Sources\Private\Platform">
      <UniqueIdentifier>{9a858c04-49a7-45fe-ae40-ac0047566fff}</UniqueIdentifier>
    </Filter>
    <Filter Include="Sources\Public\Framework\Platform">
      <UniqueIdentifier>{e3e6fc70-6fa6-49a8-8c08-ba5ad51ad965}</UniqueIdentifier>
    </Filter>
  </ItemGroup>
  <ItemGroup>
    <ClInclude Include="Sources\Private\Precompiled.h">
      <Filter>Sources\Private</Filter>
    </ClInclude>
    <ClInclude Include="Sources\Public\Framework\Core\Engine.h">
      <Filter>Sources\Public\Framework\Core</Filter>
    </ClInclude>
    <ClInclude Include="Sources\Private\Platform\WindowInternal.h">
      <Filter>Sources\Private\Platform</Filter>
    </ClInclude>
    <ClInclude Include="Sources\Public\Framework\Platform\Window.h">
      <Filter>Sources\Public\Framework\Platform</Filter>
    </ClInclude>
    <ClInclude Include="Sources\Public\Framework\Platform\WindowFlags.h">
      <Filter>Sources\Public\Framework\Platform</Filter>
    </ClInclude>
    <ClInclude Include="Sources\Public\Framework\Platform\WindowOptions.h">
      <Filter>Sources\Public\Framework\Platform</Filter>
    </ClInclude>
    <ClInclude Include="Sources\Public\Framework\Platform.h">
      <Filter>Sources\Public\Framework</Filter>
    </ClInclude>
  </ItemGroup>
  <ItemGroup>
    <ClCompile Include="Sources\Private\Precompiled.cpp">
      <Filter>Sources\Private</Filter>
    </ClCompile>
    <ClCompile Include="Sources\Private\Platform\WindowInternal.cpp">
      <Filter>Sources\Private\Platform</Filter>
    </ClCompile>
    <ClCompile Include="Sources\Private\Platform\Window.cpp">
      <Filter>Sources\Private\Platform</Filter>
    </ClCompile>
  </ItemGroup>
</Project>