<?xml version="1.0" encoding="utf-8"?>
<Project ToolsVersion="4.0" xmlns="http://schemas.microsoft.com/developer/msbuild/2003">
  <ItemGroup>
    <Filter Include="Resources">
      <UniqueIdentifier>{8abaccec-20f9-4cb4-b366-2ab0a4c4e5ce}</UniqueIdentifier>
    </Filter>
    <Filter Include="Sources">
      <UniqueIdentifier>{63fcaf24-548d-41e8-9478-bb6dac598673}</UniqueIdentifier>
    </Filter>
    <Filter Include="Sources\Header Files">
      <UniqueIdentifier>{77dc22e5-b1a1-4baf-979b-6823525bd2cb}</UniqueIdentifier>
    </Filter>
    <Filter Include="Sources\Source Files">
      <UniqueIdentifier>{46c8785a-36ea-429b-b658-d1777acd3c50}</UniqueIdentifier>
    </Filter>
    <Filter Include="Resources\Shaders">
      <UniqueIdentifier>{d14d7278-3a28-4414-b3f3-f578227ab231}</UniqueIdentifier>
    </Filter>
  </ItemGroup>
  <ItemGroup>
    <ClCompile Include="Sources\Main.cpp">
      <Filter>Sources\Source Files</Filter>
    </ClCompile>
    <ClCompile Include="Sources\Precompiled.cpp">
      <Filter>Sources\Source Files</Filter>
    </ClCompile>
    <ClCompile Include="Sources\Service.cpp">
      <Filter>Sources\Source Files</Filter>
    </ClCompile>
    <ClCompile Include="Sources\Window.cpp">
      <Filter>Sources\Source Files</Filter>
    </ClCompile>
    <ClCompile Include="Sources\WindowService.cpp">
      <Filter>Sources\Source Files</Filter>
    </ClCompile>
  </ItemGroup>
  <ItemGroup>
    <ClInclude Include="Sources\Precompiled.h">
      <Filter>Sources\Header Files</Filter>
    </ClInclude>
    <ClInclude Include="Sources\Service.h">
      <Filter>Sources\Header Files</Filter>
    </ClInclude>
    <ClInclude Include="Sources\Framework.h">
      <Filter>Sources\Header Files</Filter>
    </ClInclude>
    <ClInclude Include="Sources\WindowService.h">
      <Filter>Sources\Header Files</Filter>
    </ClInclude>
    <ClInclude Include="Sources\Window.h">
      <Filter>Sources\Header Files</Filter>
    </ClInclude>
    <ClInclude Include="Sources\RenderService.h">
      <Filter>Sources\Header Files</Filter>
    </ClInclude>
  </ItemGroup>
  <ItemGroup>
    <None Include="Resources\Shaders\Standard.hlsl">
      <Filter>Resources\Shaders</Filter>
    </None>
  </ItemGroup>
</Project>