<?xml version="1.0" encoding="utf-8"?>
<Project ToolsVersion="4.0" xmlns="http://schemas.microsoft.com/developer/msbuild/2003">
  <ItemGroup>
    <ClCompile Include="Sources\Precompiled.cpp">
      <Filter>Sources Files\Sources</Filter>
    </ClCompile>
    <ClCompile Include="Sources\Renderer.cpp">
      <Filter>Sources Files\Sources</Filter>
    </ClCompile>
    <ClCompile Include="Sources\Window.cpp">
      <Filter>Sources Files\Sources</Filter>
    </ClCompile>
    <ClCompile Include="Sources\Scene.cpp">
      <Filter>Sources Files\Sources</Filter>
    </ClCompile>
    <ClCompile Include="Sources\GameObject.cpp">
      <Filter>Sources Files\Sources</Filter>
    </ClCompile>
    <ClCompile Include="Sources\Component.cpp">
      <Filter>Sources Files\Sources</Filter>
    </ClCompile>
    <ClCompile Include="Sources\Camera.cpp">
      <Filter>Sources Files\Sources</Filter>
    </ClCompile>
    <ClCompile Include="Sources\Collider.cpp">
      <Filter>Sources Files\Sources</Filter>
    </ClCompile>
    <ClCompile Include="Sources\Transform.cpp">
      <Filter>Sources Files\Sources</Filter>
    </ClCompile>
    <ClCompile Include="Sources\Vector4D.cpp">
      <Filter>Sources Files\Sources</Filter>
    </ClCompile>
    <ClCompile Include="Sources\Vector3D.cpp">
      <Filter>Sources Files\Sources</Filter>
    </ClCompile>
    <ClCompile Include="Sources\Vector2D.cpp">
      <Filter>Sources Files\Sources</Filter>
    </ClCompile>
    <ClCompile Include="Sources\Quaternion.cpp">
      <Filter>Sources Files\Sources</Filter>
    </ClCompile>
    <ClCompile Include="Sources\Matrix4x4.cpp">
      <Filter>Sources Files\Sources</Filter>
    </ClCompile>
    <ClCompile Include="Sources\ColorRGBA.cpp">
      <Filter>Sources Files\Sources</Filter>
    </ClCompile>
    <ClCompile Include="Sources\ColorRGB.cpp">
      <Filter>Sources Files\Sources</Filter>
    </ClCompile>
    <ClCompile Include="Sources\Resource.cpp">
      <Filter>Sources Files\Sources</Filter>
    </ClCompile>
    <ClCompile Include="Sources\Mesh.cpp">
      <Filter>Sources Files\Sources</Filter>
    </ClCompile>
    <ClCompile Include="Sources\Shader.cpp">
      <Filter>Sources Files\Sources</Filter>
    </ClCompile>
    <ClCompile Include="Sources\Timer.cpp">
      <Filter>Sources Files\Sources</Filter>
    </ClCompile>
    <ClCompile Include="Sources\Material.cpp">
      <Filter>Sources Files\Sources</Filter>
    </ClCompile>
    <ClCompile Include="Sources\MeshRenderer.cpp">
      <Filter>Sources Files\Sources</Filter>
    </ClCompile>
    <ClCompile Include="Sources\Scene_Test.cpp">
      <Filter>Sources Files\Sources</Filter>
    </ClCompile>
    <ClCompile Include="Sources\SceneManager.cpp">
      <Filter>Sources Files\Sources</Filter>
    </ClCompile>
    <ClCompile Include="Sources\PlayerController.cpp">
      <Filter>Sources Files\Sources</Filter>
    </ClCompile>
    <ClCompile Include="Sources\CameraProjection_Orthographic.cpp">
      <Filter>Sources Files\Sources</Filter>
    </ClCompile>
    <ClCompile Include="Sources\CameraProjection_Perspective.cpp">
      <Filter>Sources Files\Sources</Filter>
    </ClCompile>
    <ClCompile Include="Sources\InputManager.cpp">
      <Filter>Sources Files\Sources</Filter>
    </ClCompile>
    <ClCompile Include="Sources\Light.cpp">
      <Filter>Sources Files\Sources</Filter>
    </ClCompile>
    <ClCompile Include="Sources\Application.cpp">
      <Filter>Sources Files\Sources</Filter>
    </ClCompile>
    <ClCompile Include="Sources\CameraController.cpp">
      <Filter>Sources Files\Sources</Filter>
    </ClCompile>
    <ClCompile Include="Sources\ResourceManager.cpp">
      <Filter>Sources Files\Sources</Filter>
    </ClCompile>
    <ClCompile Include="Sources\Logger.cpp">
      <Filter>Sources Files\Sources</Filter>
    </ClCompile>
    <ClCompile Include="Sources\Button.cpp">
      <Filter>Sources Files\Sources</Filter>
    </ClCompile>
    <ClCompile Include="Sources\CubeCollider.cpp">
      <Filter>Sources Files\Sources</Filter>
    </ClCompile>
    <ClCompile Include="Sources\Font.cpp">
      <Filter>Sources Files\Sources</Filter>
    </ClCompile>
    <ClCompile Include="Sources\ImageView.cpp">
      <Filter>Sources Files\Sources</Filter>
    </ClCompile>
    <ClCompile Include="Sources\RectTransform.cpp">
      <Filter>Sources Files\Sources</Filter>
    </ClCompile>
    <ClCompile Include="Sources\RenderContext.cpp">
      <Filter>Sources Files\Sources</Filter>
    </ClCompile>
    <ClCompile Include="Sources\RenderSystem.cpp">
      <Filter>Sources Files\Sources</Filter>
    </ClCompile>
    <ClCompile Include="Sources\TextView.cpp">
      <Filter>Sources Files\Sources</Filter>
    </ClCompile>
    <ClCompile Include="Sources\Main.cpp">
      <Filter>Sources Files\Sources</Filter>
    </ClCompile>
    <ClCompile Include="Sources\Scene_Title.cpp">
      <Filter>Sources Files\Sources</Filter>
    </ClCompile>
    <ClCompile Include="Sources\SceneSystem.cpp">
      <Filter>Sources Files\Sources</Filter>
    </ClCompile>
    <ClCompile Include="Sources\SceneContext.cpp">
      <Filter>Sources Files\Sources</Filter>
    </ClCompile>
    <ClCompile Include="Sources\ScenePortal.cpp">
      <Filter>Sources Files\Sources</Filter>
    </ClCompile>
    <ClCompile Include="Sources\WindowSystem.cpp">
      <Filter>Sources Files\Sources</Filter>
    </ClCompile>
  </ItemGroup>
  <ItemGroup>
    <Filter Include="Resource Files">
      <UniqueIdentifier>{03d6b329-b5f4-43e0-8a88-93837bfb95cd}</UniqueIdentifier>
    </Filter>
    <Filter Include="Sources Files">
      <UniqueIdentifier>{e66a3863-1e90-4507-bb7f-e07414904d9e}</UniqueIdentifier>
    </Filter>
    <Filter Include="Sources Files\Sources">
      <UniqueIdentifier>{54886e90-2ffa-454b-bbf8-34466626f71d}</UniqueIdentifier>
    </Filter>
    <Filter Include="Sources Files\Headers">
      <UniqueIdentifier>{667e117c-3f8b-4a12-b551-c4ecc9c855a6}</UniqueIdentifier>
    </Filter>
    <Filter Include="Resource Files\Shaders">
      <UniqueIdentifier>{9984d509-c218-490c-b6d5-b3c4ae06ea96}</UniqueIdentifier>
    </Filter>
    <Filter Include="Resource Files\Models">
      <UniqueIdentifier>{f0eafa60-7510-41b3-806b-3811e3c785f1}</UniqueIdentifier>
    </Filter>
  </ItemGroup>
  <ItemGroup>
    <ClInclude Include="Sources\Precompiled.h">
      <Filter>Sources Files\Headers</Filter>
    </ClInclude>
    <ClInclude Include="Sources\Renderer.h">
      <Filter>Sources Files\Headers</Filter>
    </ClInclude>
    <ClInclude Include="Sources\RootParameterSlot.h">
      <Filter>Sources Files\Headers</Filter>
    </ClInclude>
    <ClInclude Include="Sources\RendererOptions.h">
      <Filter>Sources Files\Headers</Filter>
    </ClInclude>
    <ClInclude Include="Sources\Scene.h">
      <Filter>Sources Files\Headers</Filter>
    </ClInclude>
    <ClInclude Include="Sources\GameObject.h">
      <Filter>Sources Files\Headers</Filter>
    </ClInclude>
    <ClInclude Include="Sources\Component.h">
      <Filter>Sources Files\Headers</Filter>
    </ClInclude>
    <ClInclude Include="Sources\Camera.h">
      <Filter>Sources Files\Headers</Filter>
    </ClInclude>
    <ClInclude Include="Sources\Collider.h">
      <Filter>Sources Files\Headers</Filter>
    </ClInclude>
    <ClInclude Include="Sources\CameraClearMode.h">
      <Filter>Sources Files\Headers</Filter>
    </ClInclude>
    <ClInclude Include="Sources\Transform.h">
      <Filter>Sources Files\Headers</Filter>
    </ClInclude>
    <ClInclude Include="Sources\Vector4D.h">
      <Filter>Sources Files\Headers</Filter>
    </ClInclude>
    <ClInclude Include="Sources\Vector3D.h">
      <Filter>Sources Files\Headers</Filter>
    </ClInclude>
    <ClInclude Include="Sources\Vector2D.h">
      <Filter>Sources Files\Headers</Filter>
    </ClInclude>
    <ClInclude Include="Sources\Quaternion.h">
      <Filter>Sources Files\Headers</Filter>
    </ClInclude>
    <ClInclude Include="Sources\Matrix4x4.h">
      <Filter>Sources Files\Headers</Filter>
    </ClInclude>
    <ClInclude Include="Sources\ColorRGBA.h">
      <Filter>Sources Files\Headers</Filter>
    </ClInclude>
    <ClInclude Include="Sources\ColorRGB.h">
      <Filter>Sources Files\Headers</Filter>
    </ClInclude>
    <ClInclude Include="Sources\Mathf.h">
      <Filter>Sources Files\Headers</Filter>
    </ClInclude>
    <ClInclude Include="Sources\Resource.h">
      <Filter>Sources Files\Headers</Filter>
    </ClInclude>
    <ClInclude Include="Sources\Mesh.h">
      <Filter>Sources Files\Headers</Filter>
    </ClInclude>
    <ClInclude Include="Sources\Shader.h">
      <Filter>Sources Files\Headers</Filter>
    </ClInclude>
    <ClInclude Include="Sources\Material.h">
      <Filter>Sources Files\Headers</Filter>
    </ClInclude>
    <ClInclude Include="Sources\MeshRenderer.h">
      <Filter>Sources Files\Headers</Filter>
    </ClInclude>
    <ClInclude Include="Sources\Scene_Test.h">
      <Filter>Sources Files\Headers</Filter>
    </ClInclude>
    <ClInclude Include="Sources\SceneManager.h">
      <Filter>Sources Files\Headers</Filter>
    </ClInclude>
    <ClInclude Include="Sources\PlayerController.h">
      <Filter>Sources Files\Headers</Filter>
    </ClInclude>
    <ClInclude Include="Sources\InputContext.h">
      <Filter>Sources Files\Headers</Filter>
    </ClInclude>
    <ClInclude Include="Sources\InputHandler.h">
      <Filter>Sources Files\Headers</Filter>
    </ClInclude>
    <ClInclude Include="Sources\InputPhase.h">
      <Filter>Sources Files\Headers</Filter>
    </ClInclude>
    <ClInclude Include="Sources\ResourceManager.h">
      <Filter>Sources Files\Headers</Filter>
    </ClInclude>
    <ClInclude Include="Sources\Singleton.h">
      <Filter>Sources Files\Headers</Filter>
    </ClInclude>
    <ClInclude Include="Sources\Timer.h">
      <Filter>Sources Files\Headers</Filter>
    </ClInclude>
    <ClInclude Include="Sources\CameraProjection_Perspective.h">
      <Filter>Sources Files\Headers</Filter>
    </ClInclude>
    <ClInclude Include="Sources\CameraProjection_Orthographic.h">
      <Filter>Sources Files\Headers</Filter>
    </ClInclude>
    <ClInclude Include="Sources\CameraProjection.h">
      <Filter>Sources Files\Headers</Filter>
    </ClInclude>
    <ClInclude Include="Sources\Collidable.h">
      <Filter>Sources Files\Headers</Filter>
    </ClInclude>
    <ClInclude Include="Sources\Event.h">
      <Filter>Sources Files\Headers</Filter>
    </ClInclude>
    <ClInclude Include="Sources\Window.h">
      <Filter>Sources Files\Headers</Filter>
    </ClInclude>
    <ClInclude Include="Sources\WindowSystem.h">
      <Filter>Sources Files\Headers</Filter>
    </ClInclude>
    <ClInclude Include="Sources\InputManager.h">
      <Filter>Sources Files\Headers</Filter>
    </ClInclude>
    <ClInclude Include="Sources\Light.h">
      <Filter>Sources Files\Headers</Filter>
    </ClInclude>
    <ClInclude Include="Sources\Application.h">
      <Filter>Sources Files\Headers</Filter>
    </ClInclude>
    <ClInclude Include="Sources\CameraController.h">
      <Filter>Sources Files\Headers</Filter>
    </ClInclude>
    <ClInclude Include="Sources\System.h">
      <Filter>Sources Files\Headers</Filter>
    </ClInclude>
    <ClInclude Include="Sources\Logger.h">
      <Filter>Sources Files\Headers</Filter>
    </ClInclude>
    <ClInclude Include="Sources\Button.h">
      <Filter>Sources Files\Headers</Filter>
    </ClInclude>
    <ClInclude Include="Sources\CubeCollider.h">
      <Filter>Sources Files\Headers</Filter>
    </ClInclude>
    <ClInclude Include="Sources\Font.h">
      <Filter>Sources Files\Headers</Filter>
    </ClInclude>
    <ClInclude Include="Sources\ImageView.h">
      <Filter>Sources Files\Headers</Filter>
    </ClInclude>
    <ClInclude Include="Sources\RectTransform.h">
      <Filter>Sources Files\Headers</Filter>
    </ClInclude>
    <ClInclude Include="Sources\RenderContext.h">
      <Filter>Sources Files\Headers</Filter>
    </ClInclude>
    <ClInclude Include="Sources\RenderSystem.h">
      <Filter>Sources Files\Headers</Filter>
    </ClInclude>
    <ClInclude Include="Sources\Renderable.h">
      <Filter>Sources Files\Headers</Filter>
    </ClInclude>
    <ClInclude Include="Sources\RenderableUI.h">
      <Filter>Sources Files\Headers</Filter>
    </ClInclude>
    <ClInclude Include="Sources\TextView.h">
      <Filter>Sources Files\Headers</Filter>
    </ClInclude>
    <ClInclude Include="Sources\Updatable.h">
      <Filter>Sources Files\Headers</Filter>
    </ClInclude>
    <ClInclude Include="Sources\Scene_Title.h">
      <Filter>Sources Files\Headers</Filter>
    </ClInclude>
    <ClInclude Include="Sources\SceneSystem.h">
      <Filter>Sources Files\Headers</Filter>
    </ClInclude>
    <ClInclude Include="Sources\SceneContext.h">
      <Filter>Sources Files\Headers</Filter>
    </ClInclude>
    <ClInclude Include="Sources\ScenePortal.h">
      <Filter>Sources Files\Headers</Filter>
    </ClInclude>
    <ClInclude Include="Sources\SceneTransitionRequest.h">
      <Filter>Sources Files\Headers</Filter>
    </ClInclude>
  </ItemGroup>
  <ItemGroup>
    <FxCompile Include="Resources\Shaders\GameObject.hlsl">
      <Filter>Resource Files\Shaders</Filter>
    </FxCompile>
    <FxCompile Include="Resources\Shaders\UIObject.hlsl">
      <Filter>Resource Files\Shaders</Filter>
    </FxCompile>
  </ItemGroup>
  <ItemGroup>
    <None Include="Resources\Models\Cube.bin">
      <Filter>Resource Files\Models</Filter>
    </None>
    <None Include="Resources\Models\Stairs.bin">
      <Filter>Resource Files\Models</Filter>
    </None>
  </ItemGroup>
</Project>
