<?xml version="1.0" encoding="utf-8"?>
<Project ToolsVersion="4.0" xmlns="http://schemas.microsoft.com/developer/msbuild/2003">
  <ItemGroup>
    <Filter Include="Sources">
      <UniqueIdentifier>{01aff323-4e4c-4db4-bb22-bc48e2883b66}</UniqueIdentifier>
    </Filter>
    <Filter Include="Sources\Header Files">
      <UniqueIdentifier>{ef8b14b8-db40-462c-b151-8dea9b7abe3c}</UniqueIdentifier>
    </Filter>
    <Filter Include="Sources\Source Files">
      <UniqueIdentifier>{5b8906aa-d37b-4477-94a1-5efd822387a1}</UniqueIdentifier>
    </Filter>
    <Filter Include="Resources">
      <UniqueIdentifier>{4618e671-0bb3-49b7-b1a9-a0191b55a00b}</UniqueIdentifier>
    </Filter>
  </ItemGroup>
</Project>