<?xml version="1.0" encoding="utf-8"?>
<Project ToolsVersion="4.0" xmlns="http://schemas.microsoft.com/developer/msbuild/2003">
  <ItemGroup>
    <Filter Include="Resources">
      <UniqueIdentifier>{d740225e-89ca-4b81-9503-f0eb04b262ca}</UniqueIdentifier>
    </Filter>
    <Filter Include="Sources">
      <UniqueIdentifier>{dc4671f2-8c10-4bc1-85ec-4740ca3e151c}</UniqueIdentifier>
    </Filter>
    <Filter Include="Sources\Header Files">
      <UniqueIdentifier>{a5af3994-cd2a-4e79-b754-102b99c2cfb6}</UniqueIdentifier>
    </Filter>
    <Filter Include="Sources\Source Files">
      <UniqueIdentifier>{7418616a-36eb-4cf8-9685-9eb708dd5085}</UniqueIdentifier>
    </Filter>
  </ItemGroup>
  <ItemGroup>
    <ClCompile Include="Sources\Bullet.cpp">
      <Filter>Sources\Source Files</Filter>
    </ClCompile>
    <ClCompile Include="Sources\Camera.cpp">
      <Filter>Sources\Source Files</Filter>
    </ClCompile>
    <ClCompile Include="Sources\CameraController.cpp">
      <Filter>Sources\Source Files</Filter>
    </ClCompile>
    <ClCompile Include="Sources\Collider.cpp">
      <Filter>Sources\Source Files</Filter>
    </ClCompile>
    <ClCompile Include="Sources\CollisionBox.cpp">
      <Filter>Sources\Source Files</Filter>
    </ClCompile>
    <ClCompile Include="Sources\CollisionFrustum.cpp">
      <Filter>Sources\Source Files</Filter>
    </ClCompile>
    <ClCompile Include="Sources\CollisionSphere.cpp">
      <Filter>Sources\Source Files</Filter>
    </ClCompile>
    <ClCompile Include="Sources\ColorRGB.cpp">
      <Filter>Sources\Source Files</Filter>
    </ClCompile>
    <ClCompile Include="Sources\ColorRGBA.cpp">
      <Filter>Sources\Source Files</Filter>
    </ClCompile>
    <ClCompile Include="Sources\Component.cpp">
      <Filter>Sources\Source Files</Filter>
    </ClCompile>
    <ClCompile Include="Sources\Input.cpp">
      <Filter>Sources\Source Files</Filter>
    </ClCompile>
    <ClCompile Include="Sources\Logger.cpp">
      <Filter>Sources\Source Files</Filter>
    </ClCompile>
    <ClCompile Include="Sources\Main.cpp">
      <Filter>Sources\Source Files</Filter>
    </ClCompile>
    <ClCompile Include="Sources\Matrix4x4.cpp">
      <Filter>Sources\Source Files</Filter>
    </ClCompile>
    <ClCompile Include="Sources\Mesh.cpp">
      <Filter>Sources\Source Files</Filter>
    </ClCompile>
    <ClCompile Include="Sources\MeshRenderer.cpp">
      <Filter>Sources\Source Files</Filter>
    </ClCompile>
    <ClCompile Include="Sources\Object.cpp">
      <Filter>Sources\Source Files</Filter>
    </ClCompile>
    <ClCompile Include="Sources\ObstacleSpawner.cpp">
      <Filter>Sources\Source Files</Filter>
    </ClCompile>
    <ClCompile Include="Sources\OrthographicsCamera.cpp">
      <Filter>Sources\Source Files</Filter>
    </ClCompile>
    <ClCompile Include="Sources\Particle.cpp">
      <Filter>Sources\Source Files</Filter>
    </ClCompile>
    <ClCompile Include="Sources\PerspectiveCamera.cpp">
      <Filter>Sources\Source Files</Filter>
    </ClCompile>
    <ClCompile Include="Sources\PlayerMovement.cpp">
      <Filter>Sources\Source Files</Filter>
    </ClCompile>
    <ClCompile Include="Sources\Precompiled.cpp">
      <Filter>Sources\Source Files</Filter>
    </ClCompile>
    <ClCompile Include="Sources\Quaternion.cpp">
      <Filter>Sources\Source Files</Filter>
    </ClCompile>
    <ClCompile Include="Sources\Renderer.cpp">
      <Filter>Sources\Source Files</Filter>
    </ClCompile>
    <ClCompile Include="Sources\RotatingObstacle.cpp">
      <Filter>Sources\Source Files</Filter>
    </ClCompile>
    <ClCompile Include="Sources\Scene.cpp">
      <Filter>Sources\Source Files</Filter>
    </ClCompile>
    <ClCompile Include="Sources\Scene_Game.cpp">
      <Filter>Sources\Source Files</Filter>
    </ClCompile>
    <ClCompile Include="Sources\TextView.cpp">
      <Filter>Sources\Source Files</Filter>
    </ClCompile>
    <ClCompile Include="Sources\Timer.cpp">
      <Filter>Sources\Source Files</Filter>
    </ClCompile>
    <ClCompile Include="Sources\Transform.cpp">
      <Filter>Sources\Source Files</Filter>
    </ClCompile>
    <ClCompile Include="Sources\Vector2D.cpp">
      <Filter>Sources\Source Files</Filter>
    </ClCompile>
    <ClCompile Include="Sources\Vector3D.cpp">
      <Filter>Sources\Source Files</Filter>
    </ClCompile>
    <ClCompile Include="Sources\Vector4D.cpp">
      <Filter>Sources\Source Files</Filter>
    </ClCompile>
    <ClCompile Include="Sources\Window.cpp">
      <Filter>Sources\Source Files</Filter>
    </ClCompile>
  </ItemGroup>
  <ItemGroup>
    <ClInclude Include="Sources\Bullet.hpp">
      <Filter>Sources\Header Files</Filter>
    </ClInclude>
    <ClInclude Include="Sources\Camera.hpp">
      <Filter>Sources\Header Files</Filter>
    </ClInclude>
    <ClInclude Include="Sources\CameraController.hpp">
      <Filter>Sources\Header Files</Filter>
    </ClInclude>
    <ClInclude Include="Sources\Collider.hpp">
      <Filter>Sources\Header Files</Filter>
    </ClInclude>
    <ClInclude Include="Sources\CollisionBox.hpp">
      <Filter>Sources\Header Files</Filter>
    </ClInclude>
    <ClInclude Include="Sources\CollisionFrustum.hpp">
      <Filter>Sources\Header Files</Filter>
    </ClInclude>
    <ClInclude Include="Sources\CollisionSphere.hpp">
      <Filter>Sources\Header Files</Filter>
    </ClInclude>
    <ClInclude Include="Sources\ColorRGB.hpp">
      <Filter>Sources\Header Files</Filter>
    </ClInclude>
    <ClInclude Include="Sources\ColorRGBA.hpp">
      <Filter>Sources\Header Files</Filter>
    </ClInclude>
    <ClInclude Include="Sources\Component.hpp">
      <Filter>Sources\Header Files</Filter>
    </ClInclude>
    <ClInclude Include="Sources\Input.hpp">
      <Filter>Sources\Header Files</Filter>
    </ClInclude>
    <ClInclude Include="Sources\Logger.hpp">
      <Filter>Sources\Header Files</Filter>
    </ClInclude>
    <ClInclude Include="Sources\Math.hpp">
      <Filter>Sources\Header Files</Filter>
    </ClInclude>
    <ClInclude Include="Sources\Matrix4x4.hpp">
      <Filter>Sources\Header Files</Filter>
    </ClInclude>
    <ClInclude Include="Sources\Mesh.hpp">
      <Filter>Sources\Header Files</Filter>
    </ClInclude>
    <ClInclude Include="Sources\MeshRenderer.hpp">
      <Filter>Sources\Header Files</Filter>
    </ClInclude>
    <ClInclude Include="Sources\Object.hpp">
      <Filter>Sources\Header Files</Filter>
    </ClInclude>
    <ClInclude Include="Sources\ObstacleSpawner.hpp">
      <Filter>Sources\Header Files</Filter>
    </ClInclude>
    <ClInclude Include="Sources\OrthographicsCamera.hpp">
      <Filter>Sources\Header Files</Filter>
    </ClInclude>
    <ClInclude Include="Sources\Particle.hpp">
      <Filter>Sources\Header Files</Filter>
    </ClInclude>
    <ClInclude Include="Sources\PerspectiveCamera.hpp">
      <Filter>Sources\Header Files</Filter>
    </ClInclude>
    <ClInclude Include="Sources\PlayerMovement.hpp">
      <Filter>Sources\Header Files</Filter>
    </ClInclude>
    <ClInclude Include="Sources\Precompiled.hpp">
      <Filter>Sources\Header Files</Filter>
    </ClInclude>
    <ClInclude Include="Sources\Quaternion.hpp">
      <Filter>Sources\Header Files</Filter>
    </ClInclude>
    <ClInclude Include="Sources\Renderer.hpp">
      <Filter>Sources\Header Files</Filter>
    </ClInclude>
    <ClInclude Include="Sources\RotatingObstacle.hpp">
      <Filter>Sources\Header Files</Filter>
    </ClInclude>
    <ClInclude Include="Sources\Scene.hpp">
      <Filter>Sources\Header Files</Filter>
    </ClInclude>
    <ClInclude Include="Sources\Scene_Game.hpp">
      <Filter>Sources\Header Files</Filter>
    </ClInclude>
    <ClInclude Include="Sources\TextView.hpp">
      <Filter>Sources\Header Files</Filter>
    </ClInclude>
    <ClInclude Include="Sources\Timer.hpp">
      <Filter>Sources\Header Files</Filter>
    </ClInclude>
    <ClInclude Include="Sources\Transform.hpp">
      <Filter>Sources\Header Files</Filter>
    </ClInclude>
    <ClInclude Include="Sources\Vector2D.hpp">
      <Filter>Sources\Header Files</Filter>
    </ClInclude>
    <ClInclude Include="Sources\Vector3D.hpp">
      <Filter>Sources\Header Files</Filter>
    </ClInclude>
    <ClInclude Include="Sources\Vector4D.hpp">
      <Filter>Sources\Header Files</Filter>
    </ClInclude>
    <ClInclude Include="Sources\Window.hpp">
      <Filter>Sources\Header Files</Filter>
    </ClInclude>
  </ItemGroup>
  <ItemGroup>
    <Text Include="Resources\Airplane.obj">
      <Filter>Resources</Filter>
    </Text>
    <Text Include="Resources\Cube.obj">
      <Filter>Resources</Filter>
    </Text>
    <Text Include="Resources\Sphere.obj">
      <Filter>Resources</Filter>
    </Text>
  </ItemGroup>
</Project>